
Microsoft Visual Studio Solution File, Format Version 12.00
# Visual Studio Version 16
VisualStudioVersion = 16.0.31129.286
MinimumVisualStudioVersion = 10.0.40219.1
Project("{FAE04EC0-301F-11D3-BF4B-00C04F79EFBC}") = "RPSgameForm", "RPSgameForm\RPSgameForm.csproj", "{32C5DE5B-8AAE-4DF3-B668-7D390465517E}"
EndProject
Global
	GlobalSection(SolutionConfigurationPlatforms) = preSolution
		Debug|Any CPU = Debug|Any CPU
		Release|Any CPU = Release|Any CPU
	EndGlobalSection
	GlobalSection(ProjectConfigurationPlatforms) = postSolution
		{32C5DE5B-8AAE-4DF3-B668-7D390465517E}.Debug|Any CPU.ActiveCfg = Debug|Any CPU
		{32C5DE5B-8AAE-4DF3-B668-7D390465517E}.Debug|Any CPU.Build.0 = Debug|Any CPU
		{32C5DE5B-8AAE-4DF3-B668-7D390465517E}.Release|Any CPU.ActiveCfg = Release|Any CPU
		{32C5DE5B-8AAE-4DF3-B668-7D390465517E}.Release|Any CPU.Build.0 = Release|Any CPU
	EndGlobalSection
	GlobalSection(SolutionProperties) = preSolution
		HideSolutionNode = FALSE
	EndGlobalSection
	GlobalSection(ExtensibilityGlobals) = postSolution
		SolutionGuid = {23E754EE-026E-43C7-9A84-CC3B22B5DD5F}
	EndGlobalSection
EndGlobal
